
Microsoft Visual Studio Solution File, Format Version 12.00
# Visual Studio Version 17
VisualStudioVersion = 17.11.35312.102
MinimumVisualStudioVersion = 10.0.40219.1
Project("{9A19103F-16F7-4668-BE54-9A1E7A4F7556}") = "RobotMicroservice", "RobotMicroservice.csproj", "{A0F4858F-4A35-404B-9763-1372644C9FBF}"
EndProject
Global
	GlobalSection(SolutionConfigurationPlatforms) = preSolution
		Debug|Any CPU = Debug|Any CPU
		Release|Any CPU = Release|Any CPU
	EndGlobalSection
	GlobalSection(ProjectConfigurationPlatforms) = postSolution
		{A0F4858F-4A35-404B-9763-1372644C9FBF}.Debug|Any CPU.ActiveCfg = Debug|Any CPU
		{A0F4858F-4A35-404B-9763-1372644C9FBF}.Debug|Any CPU.Build.0 = Debug|Any CPU
		{A0F4858F-4A35-404B-9763-1372644C9FBF}.Release|Any CPU.ActiveCfg = Release|Any CPU
		{A0F4858F-4A35-404B-9763-1372644C9FBF}.Release|Any CPU.Build.0 = Release|Any CPU
	EndGlobalSection
	GlobalSection(SolutionProperties) = preSolution
		HideSolutionNode = FALSE
	EndGlobalSection
	GlobalSection(ExtensibilityGlobals) = postSolution
		SolutionGuid = {94EF71CA-FA36-4248-9AB4-9EFE433B1ED8}
	EndGlobalSection
EndGlobal
